// !$*UTF8*$!
{
	archiveVersion = 1;
	classes = {
	};
	objectVersion = 55;
	objects = {

/* Begin PBXBuildFile section */
		86011222287D76E900E5EFD9 /* main.swift in Sources */ = {isa = PBXBuildFile; fileRef = 86011221287D76E900E5EFD9 /* main.swift */; };
/* End PBXBuildFile section */

/* Begin PBXCopyFilesBuildPhase section */
		8601121C287D76E900E5EFD9 /* CopyFiles */ = {
			isa = PBXCopyFilesBuildPhase;
			buildActionMask = 2147483647;
			dstPath = /usr/share/man/man1/;
			dstSubfolderSpec = 0;
			files = (
			);
			runOnlyForDeploymentPostprocessing = 1;
		};
/* End PBXCopyFilesBuildPhase section */

/* Begin PBXFileReference section */
		8601121E287D76E900E5EFD9 /* Algorithm-Swift */ = {isa = PBXFileReference; explicitFileType = "compiled.mach-o.executable"; includeInIndex = 0; path = "Algorithm-Swift"; sourceTree = BUILT_PRODUCTS_DIR; };
		86011221287D76E900E5EFD9 /* main.swift */ = {isa = PBXFileReference; lastKnownFileType = sourcecode.swift; path = main.swift; sourceTree = "<group>"; };
		86011229287D770900E5EFD9 /* 220712.swift */ = {isa = PBXFileReference; lastKnownFileType = sourcecode.swift; path = 220712.swift; sourceTree = "<group>"; };
		866417B22882E83E009C812C /* 220716.swift */ = {isa = PBXFileReference; lastKnownFileType = sourcecode.swift; path = 220716.swift; sourceTree = "<group>"; };
		867804702883D5B10020CBB3 /* 220717.swift */ = {isa = PBXFileReference; lastKnownFileType = sourcecode.swift; path = 220717.swift; sourceTree = "<group>"; };
		867804712883DAD80020CBB3 /* 220716.swift */ = {isa = PBXFileReference; lastKnownFileType = sourcecode.swift; path = 220716.swift; sourceTree = "<group>"; };
		867804732883DB0C0020CBB3 /* 220717.swift */ = {isa = PBXFileReference; lastKnownFileType = sourcecode.swift; path = 220717.swift; sourceTree = "<group>"; };
		86809B6E287FCD3500AD9CB3 /* 220714.swift */ = {isa = PBXFileReference; lastKnownFileType = sourcecode.swift; path = 220714.swift; sourceTree = "<group>"; };
		86809B6F28803E6500AD9CB3 /* 220714.swift */ = {isa = PBXFileReference; lastKnownFileType = sourcecode.swift; path = 220714.swift; sourceTree = "<group>"; };
		8687582A287E8D1500BA1EA7 /* 220713.swift */ = {isa = PBXFileReference; lastKnownFileType = sourcecode.swift; path = 220713.swift; sourceTree = "<group>"; };
		8687584D287F0B8B00BA1EA7 /* 220713.swift */ = {isa = PBXFileReference; lastKnownFileType = sourcecode.swift; path = 220713.swift; sourceTree = "<group>"; };
		868E506F2881763500EB31B1 /* 220715.swift */ = {isa = PBXFileReference; lastKnownFileType = sourcecode.swift; path = 220715.swift; sourceTree = "<group>"; };
		868E507028818E7E00EB31B1 /* 220715.swift */ = {isa = PBXFileReference; lastKnownFileType = sourcecode.swift; path = 220715.swift; sourceTree = "<group>"; };
		86DB7BF7288597350009E53B /* 220718.swift */ = {isa = PBXFileReference; lastKnownFileType = sourcecode.swift; path = 220718.swift; sourceTree = "<group>"; };
		86DB7BF8288670140009E53B /* 220719.swift */ = {isa = PBXFileReference; lastKnownFileType = sourcecode.swift; path = 220719.swift; sourceTree = "<group>"; };
		86DB7BFA2886DBF80009E53B /* 220718.swift */ = {isa = PBXFileReference; lastKnownFileType = sourcecode.swift; path = 220718.swift; sourceTree = "<group>"; };
		86DB7BFB2886DC090009E53B /* 220719.swift */ = {isa = PBXFileReference; lastKnownFileType = sourcecode.swift; path = 220719.swift; sourceTree = "<group>"; };
		86DB7BFC28870F920009E53B /* 220720.swift */ = {isa = PBXFileReference; lastKnownFileType = sourcecode.swift; path = 220720.swift; sourceTree = "<group>"; };
		86DB7BFD28871C070009E53B /* 220720.swift */ = {isa = PBXFileReference; lastKnownFileType = sourcecode.swift; path = 220720.swift; sourceTree = "<group>"; };
/* End PBXFileReference section */

/* Begin PBXFrameworksBuildPhase section */
		8601121B287D76E900E5EFD9 /* Frameworks */ = {
			isa = PBXFrameworksBuildPhase;
			buildActionMask = 2147483647;
			files = (
			);
			runOnlyForDeploymentPostprocessing = 0;
		};
/* End PBXFrameworksBuildPhase section */

/* Begin PBXGroup section */
		86011215287D76E900E5EFD9 = {
			isa = PBXGroup;
			children = (
				8687584B287F0A0000BA1EA7 /* Baekjoon */,
				86011228287D76EE00E5EFD9 /* Programmers */,
				86011220287D76E900E5EFD9 /* Algorithm-Swift */,
				8601121F287D76E900E5EFD9 /* Products */,
			);
			sourceTree = "<group>";
		};
		8601121F287D76E900E5EFD9 /* Products */ = {
			isa = PBXGroup;
			children = (
				8601121E287D76E900E5EFD9 /* Algorithm-Swift */,
			);
			name = Products;
			sourceTree = "<group>";
		};
		86011220287D76E900E5EFD9 /* Algorithm-Swift */ = {
			isa = PBXGroup;
			children = (
				86011221287D76E900E5EFD9 /* main.swift */,
			);
			path = "Algorithm-Swift";
			sourceTree = "<group>";
		};
		86011228287D76EE00E5EFD9 /* Programmers */ = {
			isa = PBXGroup;
			children = (
				86DB7BF9288692AB0009E53B /* Level1 */,
			);
			path = Programmers;
			sourceTree = "<group>";
		};
		861BFD6B288938DC00C629DC /* Level1 */ = {
			isa = PBXGroup;
			children = (
				8687584D287F0B8B00BA1EA7 /* 220713.swift */,
				86809B6F28803E6500AD9CB3 /* 220714.swift */,
			);
			path = Level1;
			sourceTree = "<group>";
		};
		861BFD6C2889392F00C629DC /* Level2 */ = {
			isa = PBXGroup;
			children = (
				868E507028818E7E00EB31B1 /* 220715.swift */,
			);
			path = Level2;
			sourceTree = "<group>";
		};
		861BFD6D2889396B00C629DC /* Level3 */ = {
			isa = PBXGroup;
			children = (
				867804712883DAD80020CBB3 /* 220716.swift */,
			);
			path = Level3;
			sourceTree = "<group>";
		};
		861BFD6E2889398400C629DC /* etc */ = {
			isa = PBXGroup;
			children = (
				86DB7BFB2886DC090009E53B /* 220719.swift */,
				867804732883DB0C0020CBB3 /* 220717.swift */,
				86DB7BFC28870F920009E53B /* 220720.swift */,
			);
			path = etc;
			sourceTree = "<group>";
		};
		861BFD6F288939A900C629DC /* Level4 */ = {
			isa = PBXGroup;
			children = (
				86DB7BFA2886DBF80009E53B /* 220718.swift */,
			);
			path = Level4;
			sourceTree = "<group>";
		};
		8687584B287F0A0000BA1EA7 /* Baekjoon */ = {
			isa = PBXGroup;
			children = (
				861BFD6F288939A900C629DC /* Level4 */,
				861BFD6E2889398400C629DC /* etc */,
				861BFD6D2889396B00C629DC /* Level3 */,
				861BFD6C2889392F00C629DC /* Level2 */,
				861BFD6B288938DC00C629DC /* Level1 */,
			);
			path = Baekjoon;
			sourceTree = "<group>";
		};
		86DB7BF9288692AB0009E53B /* Level1 */ = {
			isa = PBXGroup;
			children = (
				86011229287D770900E5EFD9 /* 220712.swift */,
				8687582A287E8D1500BA1EA7 /* 220713.swift */,
				86809B6E287FCD3500AD9CB3 /* 220714.swift */,
				868E506F2881763500EB31B1 /* 220715.swift */,
				866417B22882E83E009C812C /* 220716.swift */,
				867804702883D5B10020CBB3 /* 220717.swift */,
				86DB7BF7288597350009E53B /* 220718.swift */,
				86DB7BF8288670140009E53B /* 220719.swift */,
				86DB7BFD28871C070009E53B /* 220720.swift */,
			);
			path = Level1;
			sourceTree = "<group>";
		};
/* End PBXGroup section */

/* Begin PBXNativeTarget section */
		8601121D287D76E900E5EFD9 /* Algorithm-Swift */ = {
			isa = PBXNativeTarget;
			buildConfigurationList = 86011225287D76E900E5EFD9 /* Build configuration list for PBXNativeTarget "Algorithm-Swift" */;
			buildPhases = (
				8601121A287D76E900E5EFD9 /* Sources */,
				8601121B287D76E900E5EFD9 /* Frameworks */,
				8601121C287D76E900E5EFD9 /* CopyFiles */,
			);
			buildRules = (
			);
			dependencies = (
			);
			name = "Algorithm-Swift";
			productName = "Algorithm-Swift";
			productReference = 8601121E287D76E900E5EFD9 /* Algorithm-Swift */;
			productType = "com.apple.product-type.tool";
		};
/* End PBXNativeTarget section */

/* Begin PBXProject section */
		86011216287D76E900E5EFD9 /* Project object */ = {
			isa = PBXProject;
			attributes = {
				BuildIndependentTargetsInParallel = 1;
				LastSwiftUpdateCheck = 1340;
				LastUpgradeCheck = 1340;
				TargetAttributes = {
					8601121D287D76E900E5EFD9 = {
						CreatedOnToolsVersion = 13.4.1;
					};
				};
			};
			buildConfigurationList = 86011219287D76E900E5EFD9 /* Build configuration list for PBXProject "Algorithm-Swift" */;
			compatibilityVersion = "Xcode 13.0";
			developmentRegion = en;
			hasScannedForEncodings = 0;
			knownRegions = (
				en,
				Base,
			);
			mainGroup = 86011215287D76E900E5EFD9;
			productRefGroup = 8601121F287D76E900E5EFD9 /* Products */;
			projectDirPath = "";
			projectRoot = "";
			targets = (
				8601121D287D76E900E5EFD9 /* Algorithm-Swift */,
			);
		};
/* End PBXProject section */

/* Begin PBXSourcesBuildPhase section */
		8601121A287D76E900E5EFD9 /* Sources */ = {
			isa = PBXSourcesBuildPhase;
			buildActionMask = 2147483647;
			files = (
				86011222287D76E900E5EFD9 /* main.swift in Sources */,
			);
			runOnlyForDeploymentPostprocessing = 0;
		};
/* End PBXSourcesBuildPhase section */

/* Begin XCBuildConfiguration section */
		86011223287D76E900E5EFD9 /* Debug */ = {
			isa = XCBuildConfiguration;
			buildSettings = {
				ALWAYS_SEARCH_USER_PATHS = NO;
				CLANG_ANALYZER_NONNULL = YES;
				CLANG_ANALYZER_NUMBER_OBJECT_CONVERSION = YES_AGGRESSIVE;
				CLANG_CXX_LANGUAGE_STANDARD = "gnu++17";
				CLANG_ENABLE_MODULES = YES;
				CLANG_ENABLE_OBJC_ARC = YES;
				CLANG_ENABLE_OBJC_WEAK = YES;
				CLANG_WARN_BLOCK_CAPTURE_AUTORELEASING = YES;
				CLANG_WARN_BOOL_CONVERSION = YES;
				CLANG_WARN_COMMA = YES;
				CLANG_WARN_CONSTANT_CONVERSION = YES;
				CLANG_WARN_DEPRECATED_OBJC_IMPLEMENTATIONS = YES;
				CLANG_WARN_DIRECT_OBJC_ISA_USAGE = YES_ERROR;
				CLANG_WARN_DOCUMENTATION_COMMENTS = YES;
				CLANG_WARN_EMPTY_BODY = YES;
				CLANG_WARN_ENUM_CONVERSION = YES;
				CLANG_WARN_INFINITE_RECURSION = YES;
				CLANG_WARN_INT_CONVERSION = YES;
				CLANG_WARN_NON_LITERAL_NULL_CONVERSION = YES;
				CLANG_WARN_OBJC_IMPLICIT_RETAIN_SELF = YES;
				CLANG_WARN_OBJC_LITERAL_CONVERSION = YES;
				CLANG_WARN_OBJC_ROOT_CLASS = YES_ERROR;
				CLANG_WARN_QUOTED_INCLUDE_IN_FRAMEWORK_HEADER = YES;
				CLANG_WARN_RANGE_LOOP_ANALYSIS = YES;
				CLANG_WARN_STRICT_PROTOTYPES = YES;
				CLANG_WARN_SUSPICIOUS_MOVE = YES;
				CLANG_WARN_UNGUARDED_AVAILABILITY = YES_AGGRESSIVE;
				CLANG_WARN_UNREACHABLE_CODE = YES;
				CLANG_WARN__DUPLICATE_METHOD_MATCH = YES;
				COPY_PHASE_STRIP = NO;
				DEBUG_INFORMATION_FORMAT = dwarf;
				ENABLE_STRICT_OBJC_MSGSEND = YES;
				ENABLE_TESTABILITY = YES;
				GCC_C_LANGUAGE_STANDARD = gnu11;
				GCC_DYNAMIC_NO_PIC = NO;
				GCC_NO_COMMON_BLOCKS = YES;
				GCC_OPTIMIZATION_LEVEL = 0;
				GCC_PREPROCESSOR_DEFINITIONS = (
					"DEBUG=1",
					"$(inherited)",
				);
				GCC_WARN_64_TO_32_BIT_CONVERSION = YES;
				GCC_WARN_ABOUT_RETURN_TYPE = YES_ERROR;
				GCC_WARN_UNDECLARED_SELECTOR = YES;
				GCC_WARN_UNINITIALIZED_AUTOS = YES_AGGRESSIVE;
				GCC_WARN_UNUSED_FUNCTION = YES;
				GCC_WARN_UNUSED_VARIABLE = YES;
				MACOSX_DEPLOYMENT_TARGET = 12.2;
				MTL_ENABLE_DEBUG_INFO = INCLUDE_SOURCE;
				MTL_FAST_MATH = YES;
				ONLY_ACTIVE_ARCH = YES;
				SDKROOT = macosx;
				SWIFT_ACTIVE_COMPILATION_CONDITIONS = DEBUG;
				SWIFT_OPTIMIZATION_LEVEL = "-Onone";
			};
			name = Debug;
		};
		86011224287D76E900E5EFD9 /* Release */ = {
			isa = XCBuildConfiguration;
			buildSettings = {
				ALWAYS_SEARCH_USER_PATHS = NO;
				CLANG_ANALYZER_NONNULL = YES;
				CLANG_ANALYZER_NUMBER_OBJECT_CONVERSION = YES_AGGRESSIVE;
				CLANG_CXX_LANGUAGE_STANDARD = "gnu++17";
				CLANG_ENABLE_MODULES = YES;
				CLANG_ENABLE_OBJC_ARC = YES;
				CLANG_ENABLE_OBJC_WEAK = YES;
				CLANG_WARN_BLOCK_CAPTURE_AUTORELEASING = YES;
				CLANG_WARN_BOOL_CONVERSION = YES;
				CLANG_WARN_COMMA = YES;
				CLANG_WARN_CONSTANT_CONVERSION = YES;
				CLANG_WARN_DEPRECATED_OBJC_IMPLEMENTATIONS = YES;
				CLANG_WARN_DIRECT_OBJC_ISA_USAGE = YES_ERROR;
				CLANG_WARN_DOCUMENTATION_COMMENTS = YES;
				CLANG_WARN_EMPTY_BODY = YES;
				CLANG_WARN_ENUM_CONVERSION = YES;
				CLANG_WARN_INFINITE_RECURSION = YES;
				CLANG_WARN_INT_CONVERSION = YES;
				CLANG_WARN_NON_LITERAL_NULL_CONVERSION = YES;
				CLANG_WARN_OBJC_IMPLICIT_RETAIN_SELF = YES;
				CLANG_WARN_OBJC_LITERAL_CONVERSION = YES;
				CLANG_WARN_OBJC_ROOT_CLASS = YES_ERROR;
				CLANG_WARN_QUOTED_INCLUDE_IN_FRAMEWORK_HEADER = YES;
				CLANG_WARN_RANGE_LOOP_ANALYSIS = YES;
				CLANG_WARN_STRICT_PROTOTYPES = YES;
				CLANG_WARN_SUSPICIOUS_MOVE = YES;
				CLANG_WARN_UNGUARDED_AVAILABILITY = YES_AGGRESSIVE;
				CLANG_WARN_UNREACHABLE_CODE = YES;
				CLANG_WARN__DUPLICATE_METHOD_MATCH = YES;
				COPY_PHASE_STRIP = NO;
				DEBUG_INFORMATION_FORMAT = "dwarf-with-dsym";
				ENABLE_NS_ASSERTIONS = NO;
				ENABLE_STRICT_OBJC_MSGSEND = YES;
				GCC_C_LANGUAGE_STANDARD = gnu11;
				GCC_NO_COMMON_BLOCKS = YES;
				GCC_WARN_64_TO_32_BIT_CONVERSION = YES;
				GCC_WARN_ABOUT_RETURN_TYPE = YES_ERROR;
				GCC_WARN_UNDECLARED_SELECTOR = YES;
				GCC_WARN_UNINITIALIZED_AUTOS = YES_AGGRESSIVE;
				GCC_WARN_UNUSED_FUNCTION = YES;
				GCC_WARN_UNUSED_VARIABLE = YES;
				MACOSX_DEPLOYMENT_TARGET = 12.2;
				MTL_ENABLE_DEBUG_INFO = NO;
				MTL_FAST_MATH = YES;
				SDKROOT = macosx;
				SWIFT_COMPILATION_MODE = wholemodule;
				SWIFT_OPTIMIZATION_LEVEL = "-O";
			};
			name = Release;
		};
		86011226287D76E900E5EFD9 /* Debug */ = {
			isa = XCBuildConfiguration;
			buildSettings = {
				CODE_SIGN_STYLE = Automatic;
				DEVELOPMENT_TEAM = 62SDS28JUT;
				ENABLE_HARDENED_RUNTIME = YES;
				PRODUCT_NAME = "$(TARGET_NAME)";
				SWIFT_VERSION = 5.0;
			};
			name = Debug;
		};
		86011227287D76E900E5EFD9 /* Release */ = {
			isa = XCBuildConfiguration;
			buildSettings = {
				CODE_SIGN_STYLE = Automatic;
				DEVELOPMENT_TEAM = 62SDS28JUT;
				ENABLE_HARDENED_RUNTIME = YES;
				PRODUCT_NAME = "$(TARGET_NAME)";
				SWIFT_VERSION = 5.0;
			};
			name = Release;
		};
/* End XCBuildConfiguration section */

/* Begin XCConfigurationList section */
		86011219287D76E900E5EFD9 /* Build configuration list for PBXProject "Algorithm-Swift" */ = {
			isa = XCConfigurationList;
			buildConfigurations = (
				86011223287D76E900E5EFD9 /* Debug */,
				86011224287D76E900E5EFD9 /* Release */,
			);
			defaultConfigurationIsVisible = 0;
			defaultConfigurationName = Release;
		};
		86011225287D76E900E5EFD9 /* Build configuration list for PBXNativeTarget "Algorithm-Swift" */ = {
			isa = XCConfigurationList;
			buildConfigurations = (
				86011226287D76E900E5EFD9 /* Debug */,
				86011227287D76E900E5EFD9 /* Release */,
			);
			defaultConfigurationIsVisible = 0;
			defaultConfigurationName = Release;
		};
/* End XCConfigurationList section */
	};
	rootObject = 86011216287D76E900E5EFD9 /* Project object */;
}
